
Microsoft Visual Studio Solution File, Format Version 12.00
# Visual Studio 15
VisualStudioVersion = 15.0.28307.136
MinimumVisualStudioVersion = 10.0.40219.1
Project("{FAE04EC0-301F-11D3-BF4B-00C04F79EFBC}") = "Mihaylov.Database", "Mihaylov.Database\Mihaylov.Database.csproj", "{360FA0FC-BC34-4297-B0A1-0C153B3717BB}"
EndProject
Project("{FAE04EC0-301F-11D3-BF4B-00C04F79EFBC}") = "Mihaylov.Database.Models", "Mihaylov.Database.Models\Mihaylov.Database.Models.csproj", "{251A9623-1317-4232-801C-F21189557227}"
EndProject
Project("{2150E333-8FDC-42A3-9474-1A3956D46DE8}") = "Database", "Database", "{AC050134-9D8F-4111-B11A-8EEE9546B709}"
EndProject
Project("{2150E333-8FDC-42A3-9474-1A3956D46DE8}") = "Web", "Web", "{EB8036E8-B271-45FE-BC83-081108573BE7}"
EndProject
Project("{2150E333-8FDC-42A3-9474-1A3956D46DE8}") = "Data", "Data", "{403F4F54-66AD-43C4-A84D-0D5AAB9119C5}"
EndProject
Project("{FAE04EC0-301F-11D3-BF4B-00C04F79EFBC}") = "Mihaylov.Data", "Mihaylov.Data\Mihaylov.Data.csproj", "{BF7D5FED-8954-47D7-98EB-8538F8251F31}"
EndProject
Project("{FAE04EC0-301F-11D3-BF4B-00C04F79EFBC}") = "Mihaylov.Data.Models", "Mihaylov.Data.Models\Mihaylov.Data.Models.csproj", "{5EFCDD18-10B6-456D-AC0D-D19E7A8EC5F9}"
EndProject
Project("{2150E333-8FDC-42A3-9474-1A3956D46DE8}") = "Common", "Common", "{3708EE14-BC99-4F33-AADA-62C57718525C}"
EndProject
Project("{FAE04EC0-301F-11D3-BF4B-00C04F79EFBC}") = "Mihaylov.Common", "Mihaylov.Common\Mihaylov.Common.csproj", "{D0C0FDCB-F718-418B-8425-2559C7F4C431}"
EndProject
Project("{FAE04EC0-301F-11D3-BF4B-00C04F79EFBC}") = "Mihaylov.GoogleDrive", "Mihaylov.GoogleDrive\Mihaylov.GoogleDrive.csproj", "{008AFABC-8B68-4DAB-BCEE-2991D3DD2D85}"
EndProject
Project("{2150E333-8FDC-42A3-9474-1A3956D46DE8}") = "Tests", "Tests", "{DA910199-2A46-45B8-82F7-4363C2EBE3F7}"
EndProject
Project("{2150E333-8FDC-42A3-9474-1A3956D46DE8}") = "Core", "Core", "{3232A2EE-7B58-4E1A-9B2C-3446661F974E}"
EndProject
Project("{FAE04EC0-301F-11D3-BF4B-00C04F79EFBC}") = "Mihaylov.Core", "Mihaylov.Core\Mihaylov.Core.csproj", "{52279D7B-EF4E-40CA-8CCD-25A51EB2D561}"
EndProject
Project("{FAE04EC0-301F-11D3-BF4B-00C04F79EFBC}") = "Mihaylov.Tests", "Tests\Mihaylov.Tests\Mihaylov.Tests.csproj", "{6556C774-6A19-4159-B47D-077019A77FB8}"
EndProject
Project("{FAE04EC0-301F-11D3-BF4B-00C04F79EFBC}") = "Mihaylov.Core.Tests", "Tests\Mihaylov.Core.Tests\Mihaylov.Core.Tests.csproj", "{6377B688-23A6-4FB6-851C-51B9E8485BBE}"
EndProject
Project("{FAE04EC0-301F-11D3-BF4B-00C04F79EFBC}") = "Mihaylov.Common.Tests", "Tests\Mihaylov.Common.Tests\Mihaylov.Common.Tests.csproj", "{982DD814-12D4-4A93-8EBB-3F427E91E8CD}"
EndProject
Project("{2150E333-8FDC-42A3-9474-1A3956D46DE8}") = "Site", "Site", "{00B4A411-DDC5-4AA4-BDD2-A612203B563F}"
EndProject
Project("{FAE04EC0-301F-11D3-BF4B-00C04F79EFBC}") = "Mihaylov.Site.Database.Models", "Site\Mihaylov.Site.Database.Models\Mihaylov.Site.Database.Models.csproj", "{B7E26E20-2E01-4DD7-9C1B-12136C163F10}"
EndProject
Project("{FAE04EC0-301F-11D3-BF4B-00C04F79EFBC}") = "Mihaylov.Site.Database", "Site\Mihaylov.Site.Database\Mihaylov.Site.Database.csproj", "{36E4CE20-15E8-44A1-B0CA-4102EB55F665}"
EndProject
Project("{9A19103F-16F7-4668-BE54-9A1E7A4F7556}") = "Mihaylov.Site.Data.Models", "Site\Mihaylov.Site.Data.Models\Mihaylov.Site.Data.Models.csproj", "{8BB6291D-5972-48A0-A7B1-74C3E36FE102}"
EndProject
Project("{9A19103F-16F7-4668-BE54-9A1E7A4F7556}") = "Mihaylov.Site.Data", "Site\Mihaylov.Site.Data\Mihaylov.Site.Data.csproj", "{B8D66D03-1B1C-4B4B-B4F3-A942958F6B84}"
EndProject
Project("{9A19103F-16F7-4668-BE54-9A1E7A4F7556}") = "Mihaylov.Site.Core", "Site\Mihaylov.Site.Core\Mihaylov.Site.Core.csproj", "{55BE1053-6F60-4D05-BE77-2187CCD48005}"
EndProject
Project("{9A19103F-16F7-4668-BE54-9A1E7A4F7556}") = "Mihaylov.Site.Core.Interfaces", "Site\Mihaylov.Site.Core.Interfaces\Mihaylov.Site.Core.Interfaces.csproj", "{3A2D305E-259E-469A-9099-BD1F84785FC5}"
EndProject
Project("{9A19103F-16F7-4668-BE54-9A1E7A4F7556}") = "Mihaylov.Site.Core.Tests", "Tests\Mihaylov.Site.Core.Tests\Mihaylov.Site.Core.Tests.csproj", "{AD5D56A4-88F6-47BB-89EC-7552D93C5EC1}"
EndProject
Project("{9A19103F-16F7-4668-BE54-9A1E7A4F7556}") = "Mihaylov.Web", "Web\Mihaylov.Web\Mihaylov.Web.csproj", "{8E0A9844-A781-4455-8A9B-EFDBBD91644A}"
EndProject
Project("{9A19103F-16F7-4668-BE54-9A1E7A4F7556}") = "Mihaylov.Web.Common", "Web\Mihaylov.Web.Common\Mihaylov.Web.Common.csproj", "{837FFA27-EED4-41AC-99D9-1EE1DC34CE88}"
EndProject
Project("{9A19103F-16F7-4668-BE54-9A1E7A4F7556}") = "Mihaylov.Site.CsQuery", "Site\Mihaylov.Site.CsQuery\Mihaylov.Site.CsQuery.csproj", "{B2C6494D-58C8-48D3-9D3B-71B6C11E1C71}"
EndProject
Project("{2150E333-8FDC-42A3-9474-1A3956D46DE8}") = "Dictionaries", "Dictionaries", "{0A3C5789-3F0B-4BBF-99F0-AC85E99E608B}"
EndProject
Project("{FAE04EC0-301F-11D3-BF4B-00C04F79EFBC}") = "MIhaylov.Dictionaries.Database", "Dictionaries\MIhaylov.Dictionaries.Database\MIhaylov.Dictionaries.Database.csproj", "{9B7A157B-B26C-48FE-B384-801AE0EA2E9A}"
EndProject
Global
	GlobalSection(SolutionConfigurationPlatforms) = preSolution
		Debug|Any CPU = Debug|Any CPU
		Release|Any CPU = Release|Any CPU
	EndGlobalSection
	GlobalSection(ProjectConfigurationPlatforms) = postSolution
		{360FA0FC-BC34-4297-B0A1-0C153B3717BB}.Debug|Any CPU.ActiveCfg = Debug|Any CPU
		{360FA0FC-BC34-4297-B0A1-0C153B3717BB}.Debug|Any CPU.Build.0 = Debug|Any CPU
		{360FA0FC-BC34-4297-B0A1-0C153B3717BB}.Release|Any CPU.ActiveCfg = Release|Any CPU
		{360FA0FC-BC34-4297-B0A1-0C153B3717BB}.Release|Any CPU.Build.0 = Release|Any CPU
		{251A9623-1317-4232-801C-F21189557227}.Debug|Any CPU.ActiveCfg = Debug|Any CPU
		{251A9623-1317-4232-801C-F21189557227}.Debug|Any CPU.Build.0 = Debug|Any CPU
		{251A9623-1317-4232-801C-F21189557227}.Release|Any CPU.ActiveCfg = Release|Any CPU
		{251A9623-1317-4232-801C-F21189557227}.Release|Any CPU.Build.0 = Release|Any CPU
		{BF7D5FED-8954-47D7-98EB-8538F8251F31}.Debug|Any CPU.ActiveCfg = Debug|Any CPU
		{BF7D5FED-8954-47D7-98EB-8538F8251F31}.Debug|Any CPU.Build.0 = Debug|Any CPU
		{BF7D5FED-8954-47D7-98EB-8538F8251F31}.Release|Any CPU.ActiveCfg = Release|Any CPU
		{BF7D5FED-8954-47D7-98EB-8538F8251F31}.Release|Any CPU.Build.0 = Release|Any CPU
		{5EFCDD18-10B6-456D-AC0D-D19E7A8EC5F9}.Debug|Any CPU.ActiveCfg = Debug|Any CPU
		{5EFCDD18-10B6-456D-AC0D-D19E7A8EC5F9}.Debug|Any CPU.Build.0 = Debug|Any CPU
		{5EFCDD18-10B6-456D-AC0D-D19E7A8EC5F9}.Release|Any CPU.ActiveCfg = Release|Any CPU
		{5EFCDD18-10B6-456D-AC0D-D19E7A8EC5F9}.Release|Any CPU.Build.0 = Release|Any CPU
		{D0C0FDCB-F718-418B-8425-2559C7F4C431}.Debug|Any CPU.ActiveCfg = Debug|Any CPU
		{D0C0FDCB-F718-418B-8425-2559C7F4C431}.Debug|Any CPU.Build.0 = Debug|Any CPU
		{D0C0FDCB-F718-418B-8425-2559C7F4C431}.Release|Any CPU.ActiveCfg = Release|Any CPU
		{D0C0FDCB-F718-418B-8425-2559C7F4C431}.Release|Any CPU.Build.0 = Release|Any CPU
		{008AFABC-8B68-4DAB-BCEE-2991D3DD2D85}.Debug|Any CPU.ActiveCfg = Debug|Any CPU
		{008AFABC-8B68-4DAB-BCEE-2991D3DD2D85}.Debug|Any CPU.Build.0 = Debug|Any CPU
		{008AFABC-8B68-4DAB-BCEE-2991D3DD2D85}.Release|Any CPU.ActiveCfg = Release|Any CPU
		{008AFABC-8B68-4DAB-BCEE-2991D3DD2D85}.Release|Any CPU.Build.0 = Release|Any CPU
		{52279D7B-EF4E-40CA-8CCD-25A51EB2D561}.Debug|Any CPU.ActiveCfg = Debug|Any CPU
		{52279D7B-EF4E-40CA-8CCD-25A51EB2D561}.Debug|Any CPU.Build.0 = Debug|Any CPU
		{52279D7B-EF4E-40CA-8CCD-25A51EB2D561}.Release|Any CPU.ActiveCfg = Release|Any CPU
		{52279D7B-EF4E-40CA-8CCD-25A51EB2D561}.Release|Any CPU.Build.0 = Release|Any CPU
		{6556C774-6A19-4159-B47D-077019A77FB8}.Debug|Any CPU.ActiveCfg = Debug|Any CPU
		{6556C774-6A19-4159-B47D-077019A77FB8}.Debug|Any CPU.Build.0 = Debug|Any CPU
		{6556C774-6A19-4159-B47D-077019A77FB8}.Release|Any CPU.ActiveCfg = Release|Any CPU
		{6556C774-6A19-4159-B47D-077019A77FB8}.Release|Any CPU.Build.0 = Release|Any CPU
		{6377B688-23A6-4FB6-851C-51B9E8485BBE}.Debug|Any CPU.ActiveCfg = Debug|Any CPU
		{6377B688-23A6-4FB6-851C-51B9E8485BBE}.Debug|Any CPU.Build.0 = Debug|Any CPU
		{6377B688-23A6-4FB6-851C-51B9E8485BBE}.Release|Any CPU.ActiveCfg = Release|Any CPU
		{6377B688-23A6-4FB6-851C-51B9E8485BBE}.Release|Any CPU.Build.0 = Release|Any CPU
		{982DD814-12D4-4A93-8EBB-3F427E91E8CD}.Debug|Any CPU.ActiveCfg = Debug|Any CPU
		{982DD814-12D4-4A93-8EBB-3F427E91E8CD}.Debug|Any CPU.Build.0 = Debug|Any CPU
		{982DD814-12D4-4A93-8EBB-3F427E91E8CD}.Release|Any CPU.ActiveCfg = Release|Any CPU
		{982DD814-12D4-4A93-8EBB-3F427E91E8CD}.Release|Any CPU.Build.0 = Release|Any CPU
		{B7E26E20-2E01-4DD7-9C1B-12136C163F10}.Debug|Any CPU.ActiveCfg = Debug|Any CPU
		{B7E26E20-2E01-4DD7-9C1B-12136C163F10}.Debug|Any CPU.Build.0 = Debug|Any CPU
		{B7E26E20-2E01-4DD7-9C1B-12136C163F10}.Release|Any CPU.ActiveCfg = Release|Any CPU
		{B7E26E20-2E01-4DD7-9C1B-12136C163F10}.Release|Any CPU.Build.0 = Release|Any CPU
		{36E4CE20-15E8-44A1-B0CA-4102EB55F665}.Debug|Any CPU.ActiveCfg = Debug|Any CPU
		{36E4CE20-15E8-44A1-B0CA-4102EB55F665}.Debug|Any CPU.Build.0 = Debug|Any CPU
		{36E4CE20-15E8-44A1-B0CA-4102EB55F665}.Release|Any CPU.ActiveCfg = Release|Any CPU
		{36E4CE20-15E8-44A1-B0CA-4102EB55F665}.Release|Any CPU.Build.0 = Release|Any CPU
		{8BB6291D-5972-48A0-A7B1-74C3E36FE102}.Debug|Any CPU.ActiveCfg = Debug|Any CPU
		{8BB6291D-5972-48A0-A7B1-74C3E36FE102}.Debug|Any CPU.Build.0 = Debug|Any CPU
		{8BB6291D-5972-48A0-A7B1-74C3E36FE102}.Release|Any CPU.ActiveCfg = Release|Any CPU
		{8BB6291D-5972-48A0-A7B1-74C3E36FE102}.Release|Any CPU.Build.0 = Release|Any CPU
		{B8D66D03-1B1C-4B4B-B4F3-A942958F6B84}.Debug|Any CPU.ActiveCfg = Debug|Any CPU
		{B8D66D03-1B1C-4B4B-B4F3-A942958F6B84}.Debug|Any CPU.Build.0 = Debug|Any CPU
		{B8D66D03-1B1C-4B4B-B4F3-A942958F6B84}.Release|Any CPU.ActiveCfg = Release|Any CPU
		{B8D66D03-1B1C-4B4B-B4F3-A942958F6B84}.Release|Any CPU.Build.0 = Release|Any CPU
		{55BE1053-6F60-4D05-BE77-2187CCD48005}.Debug|Any CPU.ActiveCfg = Debug|Any CPU
		{55BE1053-6F60-4D05-BE77-2187CCD48005}.Debug|Any CPU.Build.0 = Debug|Any CPU
		{55BE1053-6F60-4D05-BE77-2187CCD48005}.Release|Any CPU.ActiveCfg = Release|Any CPU
		{55BE1053-6F60-4D05-BE77-2187CCD48005}.Release|Any CPU.Build.0 = Release|Any CPU
		{3A2D305E-259E-469A-9099-BD1F84785FC5}.Debug|Any CPU.ActiveCfg = Debug|Any CPU
		{3A2D305E-259E-469A-9099-BD1F84785FC5}.Debug|Any CPU.Build.0 = Debug|Any CPU
		{3A2D305E-259E-469A-9099-BD1F84785FC5}.Release|Any CPU.ActiveCfg = Release|Any CPU
		{3A2D305E-259E-469A-9099-BD1F84785FC5}.Release|Any CPU.Build.0 = Release|Any CPU
		{AD5D56A4-88F6-47BB-89EC-7552D93C5EC1}.Debug|Any CPU.ActiveCfg = Debug|Any CPU
		{AD5D56A4-88F6-47BB-89EC-7552D93C5EC1}.Debug|Any CPU.Build.0 = Debug|Any CPU
		{AD5D56A4-88F6-47BB-89EC-7552D93C5EC1}.Release|Any CPU.ActiveCfg = Release|Any CPU
		{AD5D56A4-88F6-47BB-89EC-7552D93C5EC1}.Release|Any CPU.Build.0 = Release|Any CPU
		{8E0A9844-A781-4455-8A9B-EFDBBD91644A}.Debug|Any CPU.ActiveCfg = Debug|Any CPU
		{8E0A9844-A781-4455-8A9B-EFDBBD91644A}.Debug|Any CPU.Build.0 = Debug|Any CPU
		{8E0A9844-A781-4455-8A9B-EFDBBD91644A}.Release|Any CPU.ActiveCfg = Release|Any CPU
		{8E0A9844-A781-4455-8A9B-EFDBBD91644A}.Release|Any CPU.Build.0 = Release|Any CPU
		{837FFA27-EED4-41AC-99D9-1EE1DC34CE88}.Debug|Any CPU.ActiveCfg = Debug|Any CPU
		{837FFA27-EED4-41AC-99D9-1EE1DC34CE88}.Debug|Any CPU.Build.0 = Debug|Any CPU
		{837FFA27-EED4-41AC-99D9-1EE1DC34CE88}.Release|Any CPU.ActiveCfg = Release|Any CPU
		{837FFA27-EED4-41AC-99D9-1EE1DC34CE88}.Release|Any CPU.Build.0 = Release|Any CPU
		{B2C6494D-58C8-48D3-9D3B-71B6C11E1C71}.Debug|Any CPU.ActiveCfg = Debug|Any CPU
		{B2C6494D-58C8-48D3-9D3B-71B6C11E1C71}.Debug|Any CPU.Build.0 = Debug|Any CPU
		{B2C6494D-58C8-48D3-9D3B-71B6C11E1C71}.Release|Any CPU.ActiveCfg = Release|Any CPU
		{B2C6494D-58C8-48D3-9D3B-71B6C11E1C71}.Release|Any CPU.Build.0 = Release|Any CPU
		{9B7A157B-B26C-48FE-B384-801AE0EA2E9A}.Debug|Any CPU.ActiveCfg = Debug|Any CPU
		{9B7A157B-B26C-48FE-B384-801AE0EA2E9A}.Debug|Any CPU.Build.0 = Debug|Any CPU
		{9B7A157B-B26C-48FE-B384-801AE0EA2E9A}.Release|Any CPU.ActiveCfg = Release|Any CPU
		{9B7A157B-B26C-48FE-B384-801AE0EA2E9A}.Release|Any CPU.Build.0 = Release|Any CPU
	EndGlobalSection
	GlobalSection(SolutionProperties) = preSolution
		HideSolutionNode = FALSE
	EndGlobalSection
	GlobalSection(NestedProjects) = preSolution
		{360FA0FC-BC34-4297-B0A1-0C153B3717BB} = {AC050134-9D8F-4111-B11A-8EEE9546B709}
		{251A9623-1317-4232-801C-F21189557227} = {AC050134-9D8F-4111-B11A-8EEE9546B709}
		{BF7D5FED-8954-47D7-98EB-8538F8251F31} = {403F4F54-66AD-43C4-A84D-0D5AAB9119C5}
		{5EFCDD18-10B6-456D-AC0D-D19E7A8EC5F9} = {403F4F54-66AD-43C4-A84D-0D5AAB9119C5}
		{D0C0FDCB-F718-418B-8425-2559C7F4C431} = {3708EE14-BC99-4F33-AADA-62C57718525C}
		{008AFABC-8B68-4DAB-BCEE-2991D3DD2D85} = {403F4F54-66AD-43C4-A84D-0D5AAB9119C5}
		{52279D7B-EF4E-40CA-8CCD-25A51EB2D561} = {3232A2EE-7B58-4E1A-9B2C-3446661F974E}
		{6556C774-6A19-4159-B47D-077019A77FB8} = {DA910199-2A46-45B8-82F7-4363C2EBE3F7}
		{6377B688-23A6-4FB6-851C-51B9E8485BBE} = {DA910199-2A46-45B8-82F7-4363C2EBE3F7}
		{982DD814-12D4-4A93-8EBB-3F427E91E8CD} = {DA910199-2A46-45B8-82F7-4363C2EBE3F7}
		{B7E26E20-2E01-4DD7-9C1B-12136C163F10} = {00B4A411-DDC5-4AA4-BDD2-A612203B563F}
		{36E4CE20-15E8-44A1-B0CA-4102EB55F665} = {00B4A411-DDC5-4AA4-BDD2-A612203B563F}
		{8BB6291D-5972-48A0-A7B1-74C3E36FE102} = {00B4A411-DDC5-4AA4-BDD2-A612203B563F}
		{B8D66D03-1B1C-4B4B-B4F3-A942958F6B84} = {00B4A411-DDC5-4AA4-BDD2-A612203B563F}
		{55BE1053-6F60-4D05-BE77-2187CCD48005} = {00B4A411-DDC5-4AA4-BDD2-A612203B563F}
		{3A2D305E-259E-469A-9099-BD1F84785FC5} = {00B4A411-DDC5-4AA4-BDD2-A612203B563F}
		{AD5D56A4-88F6-47BB-89EC-7552D93C5EC1} = {DA910199-2A46-45B8-82F7-4363C2EBE3F7}
		{8E0A9844-A781-4455-8A9B-EFDBBD91644A} = {EB8036E8-B271-45FE-BC83-081108573BE7}
		{837FFA27-EED4-41AC-99D9-1EE1DC34CE88} = {EB8036E8-B271-45FE-BC83-081108573BE7}
		{B2C6494D-58C8-48D3-9D3B-71B6C11E1C71} = {00B4A411-DDC5-4AA4-BDD2-A612203B563F}
		{9B7A157B-B26C-48FE-B384-801AE0EA2E9A} = {0A3C5789-3F0B-4BBF-99F0-AC85E99E608B}
	EndGlobalSection
	GlobalSection(ExtensibilityGlobals) = postSolution
		SolutionGuid = {ECF9C65D-96FF-4564-A762-B6C7EE02C0B9}
	EndGlobalSection
EndGlobal
