
Microsoft Visual Studio Solution File, Format Version 12.00
# Visual Studio Version 16
VisualStudioVersion = 16.0.30011.22
MinimumVisualStudioVersion = 10.0.40219.1
Project("{2150E333-8FDC-42A3-9474-1A3956D46DE8}") = "Web", "Web", "{EB8036E8-B271-45FE-BC83-081108573BE7}"
EndProject
Project("{2150E333-8FDC-42A3-9474-1A3956D46DE8}") = "Data", "Data", "{403F4F54-66AD-43C4-A84D-0D5AAB9119C5}"
EndProject
Project("{2150E333-8FDC-42A3-9474-1A3956D46DE8}") = "Common", "Common", "{3708EE14-BC99-4F33-AADA-62C57718525C}"
EndProject
Project("{FAE04EC0-301F-11D3-BF4B-00C04F79EFBC}") = "Mihaylov.GoogleDrive", "Mihaylov.GoogleDrive\Mihaylov.GoogleDrive.csproj", "{008AFABC-8B68-4DAB-BCEE-2991D3DD2D85}"
EndProject
Project("{2150E333-8FDC-42A3-9474-1A3956D46DE8}") = "Tests", "Tests", "{DA910199-2A46-45B8-82F7-4363C2EBE3F7}"
EndProject
Project("{FAE04EC0-301F-11D3-BF4B-00C04F79EFBC}") = "Mihaylov.Tests", "Tests\Mihaylov.Tests\Mihaylov.Tests.csproj", "{6556C774-6A19-4159-B47D-077019A77FB8}"
EndProject
Project("{2150E333-8FDC-42A3-9474-1A3956D46DE8}") = "Site", "Site", "{00B4A411-DDC5-4AA4-BDD2-A612203B563F}"
EndProject
Project("{2150E333-8FDC-42A3-9474-1A3956D46DE8}") = "Dictionaries", "Dictionaries", "{0A3C5789-3F0B-4BBF-99F0-AC85E99E608B}"
EndProject
Project("{9A19103F-16F7-4668-BE54-9A1E7A4F7556}") = "Mihaylov.Dictionaries.Database", "Dictionaries\MIhaylov.Dictionaries.Database\Mihaylov.Dictionaries.Database.csproj", "{9B7A157B-B26C-48FE-B384-801AE0EA2E9A}"
EndProject
Project("{9A19103F-16F7-4668-BE54-9A1E7A4F7556}") = "Mihaylov.Site.Data", "Site\Mihaylov.Site.Data\Mihaylov.Site.Data.csproj", "{D9321097-B18E-4F29-ACBF-D1454C10F5B3}"
EndProject
Project("{9A19103F-16F7-4668-BE54-9A1E7A4F7556}") = "Mihaylov.Site.Data.Contracts", "Site\Mihaylov.Site.Data.Contracts\Mihaylov.Site.Data.Contracts.csproj", "{9874324C-32CF-45BF-8E58-5A1EE183D281}"
EndProject
Project("{9A19103F-16F7-4668-BE54-9A1E7A4F7556}") = "Mihaylov.Site.Core.Contracts", "Site\Mihaylov.Site.Core.Contracts\Mihaylov.Site.Core.Contracts.csproj", "{6865AE2D-50C6-40F6-9B9E-C277374576FD}"
EndProject
Project("{9A19103F-16F7-4668-BE54-9A1E7A4F7556}") = "Mihaylov.Site.Core", "Site\Mihaylov.Site.Core\Mihaylov.Site.Core.csproj", "{58781E6D-AB06-4212-AFD2-2D3CB9C21BF0}"
EndProject
Project("{9A19103F-16F7-4668-BE54-9A1E7A4F7556}") = "Mihaylov.Site.Database", "Site\Mihaylov.Site.Database\Mihaylov.Site.Database.csproj", "{10DEF4A4-AE47-4978-94FC-0DC6CCE40B25}"
EndProject
Project("{9A19103F-16F7-4668-BE54-9A1E7A4F7556}") = "Mihaylov.Site.Core.Tests", "Tests\Mihaylov.Site.Core.Tests\Mihaylov.Site.Core.Tests.csproj", "{1757C8D6-464B-4793-96CD-417B24E9E6E5}"
EndProject
Project("{9A19103F-16F7-4668-BE54-9A1E7A4F7556}") = "Mihaylov.Common", "Common\Mihaylov.Common\Mihaylov.Common.csproj", "{1387A82E-52F3-4FF5-ACC6-165C8BB94F4C}"
EndProject
Project("{9A19103F-16F7-4668-BE54-9A1E7A4F7556}") = "Mihaylov.Dictionaries.Data", "Dictionaries\Mihaylov.Dictionaries.Data\Mihaylov.Dictionaries.Data.csproj", "{1AE99432-ABAE-4711-BF45-55B5EBD3F2C2}"
EndProject
Project("{9A19103F-16F7-4668-BE54-9A1E7A4F7556}") = "Mihaylov.Dictionaries.Data.Contracts", "Dictionaries\Mihaylov.Dictionaries.Data.Contracts\Mihaylov.Dictionaries.Data.Contracts.csproj", "{B19EEA5C-6F35-4BDC-A4DB-93E034E7E44E}"
EndProject
Project("{9A19103F-16F7-4668-BE54-9A1E7A4F7556}") = "Mihaylov.Dictionaries.Core", "Dictionaries\Mihaylov.Dictionaries.Core\Mihaylov.Dictionaries.Core.csproj", "{7FF2CFB1-863D-4038-B3B3-97317A60F6E7}"
EndProject
Project("{9A19103F-16F7-4668-BE54-9A1E7A4F7556}") = "Mihaylov.Dictionaries.Core.Contracts", "Dictionaries\Mihaylov.Dictionaries.Core.Contracts\Mihaylov.Dictionaries.Core.Contracts.csproj", "{EE3EE911-97F0-4E65-9FC2-B136014A9E17}"
EndProject
Project("{9A19103F-16F7-4668-BE54-9A1E7A4F7556}") = "Mihaylov.Dictionaries.Core.Tests", "Tests\Mihaylov.Dictionaries.Core.Tests\Mihaylov.Dictionaries.Core.Tests.csproj", "{C47A62B4-3E43-4406-81FA-96F1B321A0B1}"
EndProject
Project("{9A19103F-16F7-4668-BE54-9A1E7A4F7556}") = "Mihaylov.Common.Tests", "Tests\Mihaylov.Common.Tests\Mihaylov.Common.Tests.csproj", "{13E1E6D8-CCFE-42E4-9905-38A08F464118}"
EndProject
Project("{9A19103F-16F7-4668-BE54-9A1E7A4F7556}") = "Mihaylov.Web.Common", "Web\Mihaylov.Web.Common\Mihaylov.Web.Common.csproj", "{3BA416D8-C3A6-4FD2-98B4-66D22C0434C4}"
EndProject
Project("{9A19103F-16F7-4668-BE54-9A1E7A4F7556}") = "Mihaylov.Web", "Web\Mihaylov.Web\Mihaylov.Web.csproj", "{A37E71AB-2A80-42C1-91D8-72E6806745A8}"
EndProject
Project("{2150E333-8FDC-42A3-9474-1A3956D46DE8}") = "Users", "Users", "{7447BA8B-7BAA-456C-A77C-DFD97A5EAEC2}"
EndProject
Project("{9A19103F-16F7-4668-BE54-9A1E7A4F7556}") = "Mihaylov.Users.Server", "Users\Mihaylov.Users.Server\Mihaylov.Users.Server.csproj", "{7094C3B7-7555-4621-8073-601881CC86FE}"
EndProject
Project("{9A19103F-16F7-4668-BE54-9A1E7A4F7556}") = "Mihaylov.Users.Data", "Users\Mihaylov.Users.Data\Mihaylov.Users.Data.csproj", "{CDB3488B-9A1E-487B-8090-DD3E77479DA4}"
EndProject
Project("{9A19103F-16F7-4668-BE54-9A1E7A4F7556}") = "Mihaylov.WebUI", "Web\Mihaylov.WebUI\Mihaylov.WebUI.csproj", "{70925FC2-0635-4185-989B-44D171D14111}"
EndProject
Project("{E53339B2-1760-4266-BCC7-CA923CBCF16C}") = "docker-compose", "docker-compose.dcproj", "{2BDC2AE1-C9F0-475D-9F05-8C62BC58A15F}"
EndProject
Project("{9A19103F-16F7-4668-BE54-9A1E7A4F7556}") = "Mihaylov.Users.Models", "Users\Mihaylov.Users.Models\Mihaylov.Users.Models.csproj", "{794CB834-764E-4E1C-B06E-78F434FA8E9F}"
EndProject
Project("{2150E333-8FDC-42A3-9474-1A3956D46DE8}") = "Envoy", "Envoy", "{2A575A7B-6C16-4AD4-B704-F0FEBCEBD432}"
	ProjectSection(SolutionItems) = preProject
		Envoy\Dockerfile = Envoy\Dockerfile
		Envoy\envoy.yml = Envoy\envoy.yml
	EndProjectSection
EndProject
Project("{9A19103F-16F7-4668-BE54-9A1E7A4F7556}") = "Mihaylov.Site.Server", "Site\Mihaylov.Site.Server\Mihaylov.Site.Server.csproj", "{B8CF7E45-F016-42C7-BD65-30A3ACBB4047}"
EndProject
Global
	GlobalSection(SolutionConfigurationPlatforms) = preSolution
		Debug|Any CPU = Debug|Any CPU
		Release|Any CPU = Release|Any CPU
	EndGlobalSection
	GlobalSection(ProjectConfigurationPlatforms) = postSolution
		{008AFABC-8B68-4DAB-BCEE-2991D3DD2D85}.Debug|Any CPU.ActiveCfg = Debug|Any CPU
		{008AFABC-8B68-4DAB-BCEE-2991D3DD2D85}.Debug|Any CPU.Build.0 = Debug|Any CPU
		{008AFABC-8B68-4DAB-BCEE-2991D3DD2D85}.Release|Any CPU.ActiveCfg = Release|Any CPU
		{008AFABC-8B68-4DAB-BCEE-2991D3DD2D85}.Release|Any CPU.Build.0 = Release|Any CPU
		{6556C774-6A19-4159-B47D-077019A77FB8}.Debug|Any CPU.ActiveCfg = Debug|Any CPU
		{6556C774-6A19-4159-B47D-077019A77FB8}.Debug|Any CPU.Build.0 = Debug|Any CPU
		{6556C774-6A19-4159-B47D-077019A77FB8}.Release|Any CPU.ActiveCfg = Release|Any CPU
		{6556C774-6A19-4159-B47D-077019A77FB8}.Release|Any CPU.Build.0 = Release|Any CPU
		{9B7A157B-B26C-48FE-B384-801AE0EA2E9A}.Debug|Any CPU.ActiveCfg = Debug|Any CPU
		{9B7A157B-B26C-48FE-B384-801AE0EA2E9A}.Debug|Any CPU.Build.0 = Debug|Any CPU
		{9B7A157B-B26C-48FE-B384-801AE0EA2E9A}.Release|Any CPU.ActiveCfg = Release|Any CPU
		{9B7A157B-B26C-48FE-B384-801AE0EA2E9A}.Release|Any CPU.Build.0 = Release|Any CPU
		{D9321097-B18E-4F29-ACBF-D1454C10F5B3}.Debug|Any CPU.ActiveCfg = Debug|Any CPU
		{D9321097-B18E-4F29-ACBF-D1454C10F5B3}.Debug|Any CPU.Build.0 = Debug|Any CPU
		{D9321097-B18E-4F29-ACBF-D1454C10F5B3}.Release|Any CPU.ActiveCfg = Release|Any CPU
		{D9321097-B18E-4F29-ACBF-D1454C10F5B3}.Release|Any CPU.Build.0 = Release|Any CPU
		{9874324C-32CF-45BF-8E58-5A1EE183D281}.Debug|Any CPU.ActiveCfg = Debug|Any CPU
		{9874324C-32CF-45BF-8E58-5A1EE183D281}.Debug|Any CPU.Build.0 = Debug|Any CPU
		{9874324C-32CF-45BF-8E58-5A1EE183D281}.Release|Any CPU.ActiveCfg = Release|Any CPU
		{9874324C-32CF-45BF-8E58-5A1EE183D281}.Release|Any CPU.Build.0 = Release|Any CPU
		{6865AE2D-50C6-40F6-9B9E-C277374576FD}.Debug|Any CPU.ActiveCfg = Debug|Any CPU
		{6865AE2D-50C6-40F6-9B9E-C277374576FD}.Debug|Any CPU.Build.0 = Debug|Any CPU
		{6865AE2D-50C6-40F6-9B9E-C277374576FD}.Release|Any CPU.ActiveCfg = Release|Any CPU
		{6865AE2D-50C6-40F6-9B9E-C277374576FD}.Release|Any CPU.Build.0 = Release|Any CPU
		{58781E6D-AB06-4212-AFD2-2D3CB9C21BF0}.Debug|Any CPU.ActiveCfg = Debug|Any CPU
		{58781E6D-AB06-4212-AFD2-2D3CB9C21BF0}.Debug|Any CPU.Build.0 = Debug|Any CPU
		{58781E6D-AB06-4212-AFD2-2D3CB9C21BF0}.Release|Any CPU.ActiveCfg = Release|Any CPU
		{58781E6D-AB06-4212-AFD2-2D3CB9C21BF0}.Release|Any CPU.Build.0 = Release|Any CPU
		{10DEF4A4-AE47-4978-94FC-0DC6CCE40B25}.Debug|Any CPU.ActiveCfg = Debug|Any CPU
		{10DEF4A4-AE47-4978-94FC-0DC6CCE40B25}.Debug|Any CPU.Build.0 = Debug|Any CPU
		{10DEF4A4-AE47-4978-94FC-0DC6CCE40B25}.Release|Any CPU.ActiveCfg = Release|Any CPU
		{10DEF4A4-AE47-4978-94FC-0DC6CCE40B25}.Release|Any CPU.Build.0 = Release|Any CPU
		{1757C8D6-464B-4793-96CD-417B24E9E6E5}.Debug|Any CPU.ActiveCfg = Debug|Any CPU
		{1757C8D6-464B-4793-96CD-417B24E9E6E5}.Debug|Any CPU.Build.0 = Debug|Any CPU
		{1757C8D6-464B-4793-96CD-417B24E9E6E5}.Release|Any CPU.ActiveCfg = Release|Any CPU
		{1757C8D6-464B-4793-96CD-417B24E9E6E5}.Release|Any CPU.Build.0 = Release|Any CPU
		{1387A82E-52F3-4FF5-ACC6-165C8BB94F4C}.Debug|Any CPU.ActiveCfg = Debug|Any CPU
		{1387A82E-52F3-4FF5-ACC6-165C8BB94F4C}.Debug|Any CPU.Build.0 = Debug|Any CPU
		{1387A82E-52F3-4FF5-ACC6-165C8BB94F4C}.Release|Any CPU.ActiveCfg = Release|Any CPU
		{1387A82E-52F3-4FF5-ACC6-165C8BB94F4C}.Release|Any CPU.Build.0 = Release|Any CPU
		{1AE99432-ABAE-4711-BF45-55B5EBD3F2C2}.Debug|Any CPU.ActiveCfg = Debug|Any CPU
		{1AE99432-ABAE-4711-BF45-55B5EBD3F2C2}.Debug|Any CPU.Build.0 = Debug|Any CPU
		{1AE99432-ABAE-4711-BF45-55B5EBD3F2C2}.Release|Any CPU.ActiveCfg = Release|Any CPU
		{1AE99432-ABAE-4711-BF45-55B5EBD3F2C2}.Release|Any CPU.Build.0 = Release|Any CPU
		{B19EEA5C-6F35-4BDC-A4DB-93E034E7E44E}.Debug|Any CPU.ActiveCfg = Debug|Any CPU
		{B19EEA5C-6F35-4BDC-A4DB-93E034E7E44E}.Debug|Any CPU.Build.0 = Debug|Any CPU
		{B19EEA5C-6F35-4BDC-A4DB-93E034E7E44E}.Release|Any CPU.ActiveCfg = Release|Any CPU
		{B19EEA5C-6F35-4BDC-A4DB-93E034E7E44E}.Release|Any CPU.Build.0 = Release|Any CPU
		{7FF2CFB1-863D-4038-B3B3-97317A60F6E7}.Debug|Any CPU.ActiveCfg = Debug|Any CPU
		{7FF2CFB1-863D-4038-B3B3-97317A60F6E7}.Debug|Any CPU.Build.0 = Debug|Any CPU
		{7FF2CFB1-863D-4038-B3B3-97317A60F6E7}.Release|Any CPU.ActiveCfg = Release|Any CPU
		{7FF2CFB1-863D-4038-B3B3-97317A60F6E7}.Release|Any CPU.Build.0 = Release|Any CPU
		{EE3EE911-97F0-4E65-9FC2-B136014A9E17}.Debug|Any CPU.ActiveCfg = Debug|Any CPU
		{EE3EE911-97F0-4E65-9FC2-B136014A9E17}.Debug|Any CPU.Build.0 = Debug|Any CPU
		{EE3EE911-97F0-4E65-9FC2-B136014A9E17}.Release|Any CPU.ActiveCfg = Release|Any CPU
		{EE3EE911-97F0-4E65-9FC2-B136014A9E17}.Release|Any CPU.Build.0 = Release|Any CPU
		{C47A62B4-3E43-4406-81FA-96F1B321A0B1}.Debug|Any CPU.ActiveCfg = Debug|Any CPU
		{C47A62B4-3E43-4406-81FA-96F1B321A0B1}.Debug|Any CPU.Build.0 = Debug|Any CPU
		{C47A62B4-3E43-4406-81FA-96F1B321A0B1}.Release|Any CPU.ActiveCfg = Release|Any CPU
		{C47A62B4-3E43-4406-81FA-96F1B321A0B1}.Release|Any CPU.Build.0 = Release|Any CPU
		{13E1E6D8-CCFE-42E4-9905-38A08F464118}.Debug|Any CPU.ActiveCfg = Debug|Any CPU
		{13E1E6D8-CCFE-42E4-9905-38A08F464118}.Debug|Any CPU.Build.0 = Debug|Any CPU
		{13E1E6D8-CCFE-42E4-9905-38A08F464118}.Release|Any CPU.ActiveCfg = Release|Any CPU
		{13E1E6D8-CCFE-42E4-9905-38A08F464118}.Release|Any CPU.Build.0 = Release|Any CPU
		{3BA416D8-C3A6-4FD2-98B4-66D22C0434C4}.Debug|Any CPU.ActiveCfg = Debug|Any CPU
		{3BA416D8-C3A6-4FD2-98B4-66D22C0434C4}.Debug|Any CPU.Build.0 = Debug|Any CPU
		{3BA416D8-C3A6-4FD2-98B4-66D22C0434C4}.Release|Any CPU.ActiveCfg = Release|Any CPU
		{3BA416D8-C3A6-4FD2-98B4-66D22C0434C4}.Release|Any CPU.Build.0 = Release|Any CPU
		{A37E71AB-2A80-42C1-91D8-72E6806745A8}.Debug|Any CPU.ActiveCfg = Debug|Any CPU
		{A37E71AB-2A80-42C1-91D8-72E6806745A8}.Debug|Any CPU.Build.0 = Debug|Any CPU
		{A37E71AB-2A80-42C1-91D8-72E6806745A8}.Release|Any CPU.ActiveCfg = Release|Any CPU
		{A37E71AB-2A80-42C1-91D8-72E6806745A8}.Release|Any CPU.Build.0 = Release|Any CPU
		{7094C3B7-7555-4621-8073-601881CC86FE}.Debug|Any CPU.ActiveCfg = Debug|Any CPU
		{7094C3B7-7555-4621-8073-601881CC86FE}.Debug|Any CPU.Build.0 = Debug|Any CPU
		{7094C3B7-7555-4621-8073-601881CC86FE}.Release|Any CPU.ActiveCfg = Release|Any CPU
		{7094C3B7-7555-4621-8073-601881CC86FE}.Release|Any CPU.Build.0 = Release|Any CPU
		{CDB3488B-9A1E-487B-8090-DD3E77479DA4}.Debug|Any CPU.ActiveCfg = Debug|Any CPU
		{CDB3488B-9A1E-487B-8090-DD3E77479DA4}.Debug|Any CPU.Build.0 = Debug|Any CPU
		{CDB3488B-9A1E-487B-8090-DD3E77479DA4}.Release|Any CPU.ActiveCfg = Release|Any CPU
		{CDB3488B-9A1E-487B-8090-DD3E77479DA4}.Release|Any CPU.Build.0 = Release|Any CPU
		{70925FC2-0635-4185-989B-44D171D14111}.Debug|Any CPU.ActiveCfg = Debug|Any CPU
		{70925FC2-0635-4185-989B-44D171D14111}.Debug|Any CPU.Build.0 = Debug|Any CPU
		{70925FC2-0635-4185-989B-44D171D14111}.Release|Any CPU.ActiveCfg = Release|Any CPU
		{70925FC2-0635-4185-989B-44D171D14111}.Release|Any CPU.Build.0 = Release|Any CPU
		{2BDC2AE1-C9F0-475D-9F05-8C62BC58A15F}.Debug|Any CPU.ActiveCfg = Debug|Any CPU
		{2BDC2AE1-C9F0-475D-9F05-8C62BC58A15F}.Debug|Any CPU.Build.0 = Debug|Any CPU
		{2BDC2AE1-C9F0-475D-9F05-8C62BC58A15F}.Release|Any CPU.ActiveCfg = Release|Any CPU
		{2BDC2AE1-C9F0-475D-9F05-8C62BC58A15F}.Release|Any CPU.Build.0 = Release|Any CPU
		{794CB834-764E-4E1C-B06E-78F434FA8E9F}.Debug|Any CPU.ActiveCfg = Debug|Any CPU
		{794CB834-764E-4E1C-B06E-78F434FA8E9F}.Debug|Any CPU.Build.0 = Debug|Any CPU
		{794CB834-764E-4E1C-B06E-78F434FA8E9F}.Release|Any CPU.ActiveCfg = Release|Any CPU
		{794CB834-764E-4E1C-B06E-78F434FA8E9F}.Release|Any CPU.Build.0 = Release|Any CPU
		{B8CF7E45-F016-42C7-BD65-30A3ACBB4047}.Debug|Any CPU.ActiveCfg = Debug|Any CPU
		{B8CF7E45-F016-42C7-BD65-30A3ACBB4047}.Debug|Any CPU.Build.0 = Debug|Any CPU
		{B8CF7E45-F016-42C7-BD65-30A3ACBB4047}.Release|Any CPU.ActiveCfg = Release|Any CPU
		{B8CF7E45-F016-42C7-BD65-30A3ACBB4047}.Release|Any CPU.Build.0 = Release|Any CPU
	EndGlobalSection
	GlobalSection(SolutionProperties) = preSolution
		HideSolutionNode = FALSE
	EndGlobalSection
	GlobalSection(NestedProjects) = preSolution
		{008AFABC-8B68-4DAB-BCEE-2991D3DD2D85} = {403F4F54-66AD-43C4-A84D-0D5AAB9119C5}
		{6556C774-6A19-4159-B47D-077019A77FB8} = {DA910199-2A46-45B8-82F7-4363C2EBE3F7}
		{9B7A157B-B26C-48FE-B384-801AE0EA2E9A} = {0A3C5789-3F0B-4BBF-99F0-AC85E99E608B}
		{D9321097-B18E-4F29-ACBF-D1454C10F5B3} = {00B4A411-DDC5-4AA4-BDD2-A612203B563F}
		{9874324C-32CF-45BF-8E58-5A1EE183D281} = {00B4A411-DDC5-4AA4-BDD2-A612203B563F}
		{6865AE2D-50C6-40F6-9B9E-C277374576FD} = {00B4A411-DDC5-4AA4-BDD2-A612203B563F}
		{58781E6D-AB06-4212-AFD2-2D3CB9C21BF0} = {00B4A411-DDC5-4AA4-BDD2-A612203B563F}
		{10DEF4A4-AE47-4978-94FC-0DC6CCE40B25} = {00B4A411-DDC5-4AA4-BDD2-A612203B563F}
		{1757C8D6-464B-4793-96CD-417B24E9E6E5} = {DA910199-2A46-45B8-82F7-4363C2EBE3F7}
		{1387A82E-52F3-4FF5-ACC6-165C8BB94F4C} = {3708EE14-BC99-4F33-AADA-62C57718525C}
		{1AE99432-ABAE-4711-BF45-55B5EBD3F2C2} = {0A3C5789-3F0B-4BBF-99F0-AC85E99E608B}
		{B19EEA5C-6F35-4BDC-A4DB-93E034E7E44E} = {0A3C5789-3F0B-4BBF-99F0-AC85E99E608B}
		{7FF2CFB1-863D-4038-B3B3-97317A60F6E7} = {0A3C5789-3F0B-4BBF-99F0-AC85E99E608B}
		{EE3EE911-97F0-4E65-9FC2-B136014A9E17} = {0A3C5789-3F0B-4BBF-99F0-AC85E99E608B}
		{C47A62B4-3E43-4406-81FA-96F1B321A0B1} = {DA910199-2A46-45B8-82F7-4363C2EBE3F7}
		{13E1E6D8-CCFE-42E4-9905-38A08F464118} = {DA910199-2A46-45B8-82F7-4363C2EBE3F7}
		{3BA416D8-C3A6-4FD2-98B4-66D22C0434C4} = {EB8036E8-B271-45FE-BC83-081108573BE7}
		{A37E71AB-2A80-42C1-91D8-72E6806745A8} = {EB8036E8-B271-45FE-BC83-081108573BE7}
		{7094C3B7-7555-4621-8073-601881CC86FE} = {7447BA8B-7BAA-456C-A77C-DFD97A5EAEC2}
		{CDB3488B-9A1E-487B-8090-DD3E77479DA4} = {7447BA8B-7BAA-456C-A77C-DFD97A5EAEC2}
		{70925FC2-0635-4185-989B-44D171D14111} = {EB8036E8-B271-45FE-BC83-081108573BE7}
		{794CB834-764E-4E1C-B06E-78F434FA8E9F} = {7447BA8B-7BAA-456C-A77C-DFD97A5EAEC2}
		{B8CF7E45-F016-42C7-BD65-30A3ACBB4047} = {00B4A411-DDC5-4AA4-BDD2-A612203B563F}
	EndGlobalSection
	GlobalSection(ExtensibilityGlobals) = postSolution
		SolutionGuid = {ECF9C65D-96FF-4564-A762-B6C7EE02C0B9}
	EndGlobalSection
EndGlobal
