
Microsoft Visual Studio Solution File, Format Version 12.00
# Visual Studio Version 16
VisualStudioVersion = 16.0.30711.63
MinimumVisualStudioVersion = 10.0.40219.1
Project("{FAE04EC0-301F-11D3-BF4B-00C04F79EFBC}") = "Mihaylov.Database", "Mihaylov.Database\Mihaylov.Database.csproj", "{360FA0FC-BC34-4297-B0A1-0C153B3717BB}"
EndProject
Project("{FAE04EC0-301F-11D3-BF4B-00C04F79EFBC}") = "Mihaylov.Web", "Mihaylov.Web\Mihaylov.Web.csproj", "{FF786798-72B3-425F-9A6C-BE07A5321BE6}"
EndProject
Project("{FAE04EC0-301F-11D3-BF4B-00C04F79EFBC}") = "Mihaylov.Database.Models", "Mihaylov.Database.Models\Mihaylov.Database.Models.csproj", "{251A9623-1317-4232-801C-F21189557227}"
EndProject
Project("{2150E333-8FDC-42A3-9474-1A3956D46DE8}") = "Database", "Database", "{AC050134-9D8F-4111-B11A-8EEE9546B709}"
EndProject
Project("{2150E333-8FDC-42A3-9474-1A3956D46DE8}") = "Web", "Web", "{EB8036E8-B271-45FE-BC83-081108573BE7}"
EndProject
Project("{2150E333-8FDC-42A3-9474-1A3956D46DE8}") = "Data", "Data", "{403F4F54-66AD-43C4-A84D-0D5AAB9119C5}"
EndProject
Project("{FAE04EC0-301F-11D3-BF4B-00C04F79EFBC}") = "Mihaylov.Data", "Mihaylov.Data\Mihaylov.Data.csproj", "{BF7D5FED-8954-47D7-98EB-8538F8251F31}"
EndProject
Project("{FAE04EC0-301F-11D3-BF4B-00C04F79EFBC}") = "Mihaylov.Data.Models", "Mihaylov.Data.Models\Mihaylov.Data.Models.csproj", "{5EFCDD18-10B6-456D-AC0D-D19E7A8EC5F9}"
EndProject
Project("{2150E333-8FDC-42A3-9474-1A3956D46DE8}") = "Common", "Common", "{3708EE14-BC99-4F33-AADA-62C57718525C}"
EndProject
Project("{FAE04EC0-301F-11D3-BF4B-00C04F79EFBC}") = "Mihaylov.Common", "Mihaylov.Common\Mihaylov.Common.csproj", "{D0C0FDCB-F718-418B-8425-2559C7F4C431}"
EndProject
Project("{2150E333-8FDC-42A3-9474-1A3956D46DE8}") = "Tests", "Tests", "{DA910199-2A46-45B8-82F7-4363C2EBE3F7}"
EndProject
Project("{2150E333-8FDC-42A3-9474-1A3956D46DE8}") = "Core", "Core", "{3232A2EE-7B58-4E1A-9B2C-3446661F974E}"
EndProject
Project("{FAE04EC0-301F-11D3-BF4B-00C04F79EFBC}") = "Mihaylov.Core", "Mihaylov.Core\Mihaylov.Core.csproj", "{52279D7B-EF4E-40CA-8CCD-25A51EB2D561}"
EndProject
Project("{FAE04EC0-301F-11D3-BF4B-00C04F79EFBC}") = "Mihaylov.Web.Common", "Mihaylov.Web.Common\Mihaylov.Web.Common.csproj", "{5EC53F7D-22EA-4024-A71F-4A677D91F1BA}"
EndProject
Project("{FAE04EC0-301F-11D3-BF4B-00C04F79EFBC}") = "Mihaylov.Tests", "Tests\Mihaylov.Tests\Mihaylov.Tests.csproj", "{6556C774-6A19-4159-B47D-077019A77FB8}"
EndProject
Project("{FAE04EC0-301F-11D3-BF4B-00C04F79EFBC}") = "Mihaylov.Core.Tests", "Tests\Mihaylov.Core.Tests\Mihaylov.Core.Tests.csproj", "{6377B688-23A6-4FB6-851C-51B9E8485BBE}"
EndProject
Project("{FAE04EC0-301F-11D3-BF4B-00C04F79EFBC}") = "Mihaylov.Common.Tests", "Tests\Mihaylov.Common.Tests\Mihaylov.Common.Tests.csproj", "{982DD814-12D4-4A93-8EBB-3F427E91E8CD}"
EndProject
Global
	GlobalSection(SolutionConfigurationPlatforms) = preSolution
		Debug|Any CPU = Debug|Any CPU
		Release|Any CPU = Release|Any CPU
	EndGlobalSection
	GlobalSection(ProjectConfigurationPlatforms) = postSolution
		{360FA0FC-BC34-4297-B0A1-0C153B3717BB}.Debug|Any CPU.ActiveCfg = Debug|Any CPU
		{360FA0FC-BC34-4297-B0A1-0C153B3717BB}.Debug|Any CPU.Build.0 = Debug|Any CPU
		{360FA0FC-BC34-4297-B0A1-0C153B3717BB}.Release|Any CPU.ActiveCfg = Release|Any CPU
		{360FA0FC-BC34-4297-B0A1-0C153B3717BB}.Release|Any CPU.Build.0 = Release|Any CPU
		{FF786798-72B3-425F-9A6C-BE07A5321BE6}.Debug|Any CPU.ActiveCfg = Debug|Any CPU
		{FF786798-72B3-425F-9A6C-BE07A5321BE6}.Debug|Any CPU.Build.0 = Debug|Any CPU
		{FF786798-72B3-425F-9A6C-BE07A5321BE6}.Release|Any CPU.ActiveCfg = Release|Any CPU
		{FF786798-72B3-425F-9A6C-BE07A5321BE6}.Release|Any CPU.Build.0 = Release|Any CPU
		{251A9623-1317-4232-801C-F21189557227}.Debug|Any CPU.ActiveCfg = Debug|Any CPU
		{251A9623-1317-4232-801C-F21189557227}.Debug|Any CPU.Build.0 = Debug|Any CPU
		{251A9623-1317-4232-801C-F21189557227}.Release|Any CPU.ActiveCfg = Release|Any CPU
		{251A9623-1317-4232-801C-F21189557227}.Release|Any CPU.Build.0 = Release|Any CPU
		{BF7D5FED-8954-47D7-98EB-8538F8251F31}.Debug|Any CPU.ActiveCfg = Debug|Any CPU
		{BF7D5FED-8954-47D7-98EB-8538F8251F31}.Debug|Any CPU.Build.0 = Debug|Any CPU
		{BF7D5FED-8954-47D7-98EB-8538F8251F31}.Release|Any CPU.ActiveCfg = Release|Any CPU
		{BF7D5FED-8954-47D7-98EB-8538F8251F31}.Release|Any CPU.Build.0 = Release|Any CPU
		{5EFCDD18-10B6-456D-AC0D-D19E7A8EC5F9}.Debug|Any CPU.ActiveCfg = Debug|Any CPU
		{5EFCDD18-10B6-456D-AC0D-D19E7A8EC5F9}.Debug|Any CPU.Build.0 = Debug|Any CPU
		{5EFCDD18-10B6-456D-AC0D-D19E7A8EC5F9}.Release|Any CPU.ActiveCfg = Release|Any CPU
		{5EFCDD18-10B6-456D-AC0D-D19E7A8EC5F9}.Release|Any CPU.Build.0 = Release|Any CPU
		{D0C0FDCB-F718-418B-8425-2559C7F4C431}.Debug|Any CPU.ActiveCfg = Debug|Any CPU
		{D0C0FDCB-F718-418B-8425-2559C7F4C431}.Debug|Any CPU.Build.0 = Debug|Any CPU
		{D0C0FDCB-F718-418B-8425-2559C7F4C431}.Release|Any CPU.ActiveCfg = Release|Any CPU
		{D0C0FDCB-F718-418B-8425-2559C7F4C431}.Release|Any CPU.Build.0 = Release|Any CPU
		{52279D7B-EF4E-40CA-8CCD-25A51EB2D561}.Debug|Any CPU.ActiveCfg = Debug|Any CPU
		{52279D7B-EF4E-40CA-8CCD-25A51EB2D561}.Debug|Any CPU.Build.0 = Debug|Any CPU
		{52279D7B-EF4E-40CA-8CCD-25A51EB2D561}.Release|Any CPU.ActiveCfg = Release|Any CPU
		{52279D7B-EF4E-40CA-8CCD-25A51EB2D561}.Release|Any CPU.Build.0 = Release|Any CPU
		{5EC53F7D-22EA-4024-A71F-4A677D91F1BA}.Debug|Any CPU.ActiveCfg = Debug|Any CPU
		{5EC53F7D-22EA-4024-A71F-4A677D91F1BA}.Debug|Any CPU.Build.0 = Debug|Any CPU
		{5EC53F7D-22EA-4024-A71F-4A677D91F1BA}.Release|Any CPU.ActiveCfg = Release|Any CPU
		{5EC53F7D-22EA-4024-A71F-4A677D91F1BA}.Release|Any CPU.Build.0 = Release|Any CPU
		{6556C774-6A19-4159-B47D-077019A77FB8}.Debug|Any CPU.ActiveCfg = Debug|Any CPU
		{6556C774-6A19-4159-B47D-077019A77FB8}.Debug|Any CPU.Build.0 = Debug|Any CPU
		{6556C774-6A19-4159-B47D-077019A77FB8}.Release|Any CPU.ActiveCfg = Release|Any CPU
		{6556C774-6A19-4159-B47D-077019A77FB8}.Release|Any CPU.Build.0 = Release|Any CPU
		{6377B688-23A6-4FB6-851C-51B9E8485BBE}.Debug|Any CPU.ActiveCfg = Debug|Any CPU
		{6377B688-23A6-4FB6-851C-51B9E8485BBE}.Debug|Any CPU.Build.0 = Debug|Any CPU
		{6377B688-23A6-4FB6-851C-51B9E8485BBE}.Release|Any CPU.ActiveCfg = Release|Any CPU
		{6377B688-23A6-4FB6-851C-51B9E8485BBE}.Release|Any CPU.Build.0 = Release|Any CPU
		{982DD814-12D4-4A93-8EBB-3F427E91E8CD}.Debug|Any CPU.ActiveCfg = Debug|Any CPU
		{982DD814-12D4-4A93-8EBB-3F427E91E8CD}.Debug|Any CPU.Build.0 = Debug|Any CPU
		{982DD814-12D4-4A93-8EBB-3F427E91E8CD}.Release|Any CPU.ActiveCfg = Release|Any CPU
		{982DD814-12D4-4A93-8EBB-3F427E91E8CD}.Release|Any CPU.Build.0 = Release|Any CPU
	EndGlobalSection
	GlobalSection(SolutionProperties) = preSolution
		HideSolutionNode = FALSE
	EndGlobalSection
	GlobalSection(NestedProjects) = preSolution
		{360FA0FC-BC34-4297-B0A1-0C153B3717BB} = {AC050134-9D8F-4111-B11A-8EEE9546B709}
		{FF786798-72B3-425F-9A6C-BE07A5321BE6} = {EB8036E8-B271-45FE-BC83-081108573BE7}
		{251A9623-1317-4232-801C-F21189557227} = {AC050134-9D8F-4111-B11A-8EEE9546B709}
		{BF7D5FED-8954-47D7-98EB-8538F8251F31} = {403F4F54-66AD-43C4-A84D-0D5AAB9119C5}
		{5EFCDD18-10B6-456D-AC0D-D19E7A8EC5F9} = {403F4F54-66AD-43C4-A84D-0D5AAB9119C5}
		{D0C0FDCB-F718-418B-8425-2559C7F4C431} = {3708EE14-BC99-4F33-AADA-62C57718525C}
		{52279D7B-EF4E-40CA-8CCD-25A51EB2D561} = {3232A2EE-7B58-4E1A-9B2C-3446661F974E}
		{5EC53F7D-22EA-4024-A71F-4A677D91F1BA} = {EB8036E8-B271-45FE-BC83-081108573BE7}
		{6556C774-6A19-4159-B47D-077019A77FB8} = {DA910199-2A46-45B8-82F7-4363C2EBE3F7}
		{6377B688-23A6-4FB6-851C-51B9E8485BBE} = {DA910199-2A46-45B8-82F7-4363C2EBE3F7}
		{982DD814-12D4-4A93-8EBB-3F427E91E8CD} = {DA910199-2A46-45B8-82F7-4363C2EBE3F7}
	EndGlobalSection
	GlobalSection(ExtensibilityGlobals) = postSolution
		SolutionGuid = {744AAEDA-2975-43D7-B033-5D28FDB602D6}
	EndGlobalSection
EndGlobal
